// !$*UTF8*$!
{
	archiveVersion = 1;
	classes = {
	};
	objectVersion = 55;
	objects = {

/* Begin PBXBuildFile section */
		E257278528675C4D00F07E19 /* APIRequest.swift in Sources */ = {isa = PBXBuildFile; fileRef = E257278428675C4D00F07E19 /* APIRequest.swift */; };
		E257278728675C9A00F07E19 /* HTTPMethod.swift in Sources */ = {isa = PBXBuildFile; fileRef = E257278628675C9A00F07E19 /* HTTPMethod.swift */; };
		E257278B28675D4200F07E19 /* ResultResponse.swift in Sources */ = {isa = PBXBuildFile; fileRef = E257278A28675D4200F07E19 /* ResultResponse.swift */; };
		E257278D28675DAA00F07E19 /* NetworkRequester.swift in Sources */ = {isa = PBXBuildFile; fileRef = E257278C28675DAA00F07E19 /* NetworkRequester.swift */; };
		E257278F28675DE600F07E19 /* NetworkRequest.swift in Sources */ = {isa = PBXBuildFile; fileRef = E257278E28675DE600F07E19 /* NetworkRequest.swift */; };
		E25727922867603700F07E19 /* APIPath.swift in Sources */ = {isa = PBXBuildFile; fileRef = E25727912867603700F07E19 /* APIPath.swift */; };
		E2572794286760B000F07E19 /* UnisysAPIURL.swift in Sources */ = {isa = PBXBuildFile; fileRef = E2572793286760B000F07E19 /* UnisysAPIURL.swift */; };
		E25727982867615F00F07E19 /* HomeCell.swift in Sources */ = {isa = PBXBuildFile; fileRef = E25727962867615F00F07E19 /* HomeCell.swift */; };
		E25727992867615F00F07E19 /* HomeCell.xib in Resources */ = {isa = PBXBuildFile; fileRef = E25727972867615F00F07E19 /* HomeCell.xib */; };
		E257279D286763A700F07E19 /* UIView+Ext.swift in Sources */ = {isa = PBXBuildFile; fileRef = E257279C286763A700F07E19 /* UIView+Ext.swift */; };
		E25727A02867659D00F07E19 /* HomeService.swift in Sources */ = {isa = PBXBuildFile; fileRef = E257279F2867659D00F07E19 /* HomeService.swift */; };
		E25727A22867663600F07E19 /* HomeRequest.swift in Sources */ = {isa = PBXBuildFile; fileRef = E25727A12867663600F07E19 /* HomeRequest.swift */; };
		E25727A42867682E00F07E19 /* NewsResponse.swift in Sources */ = {isa = PBXBuildFile; fileRef = E25727A32867682E00F07E19 /* NewsResponse.swift */; };
		E25727A628676A0000F07E19 /* Constants.swift in Sources */ = {isa = PBXBuildFile; fileRef = E25727A528676A0000F07E19 /* Constants.swift */; };
		E2953294286979290033CB84 /* UIImageView+Ext.swift in Sources */ = {isa = PBXBuildFile; fileRef = E2953293286979290033CB84 /* UIImageView+Ext.swift */; };
		E2953296286989830033CB84 /* UILabel+Ext.swift in Sources */ = {isa = PBXBuildFile; fileRef = E2953295286989820033CB84 /* UILabel+Ext.swift */; };
		E295329928698D6C0033CB84 /* AppDateFormatter.swift in Sources */ = {isa = PBXBuildFile; fileRef = E295329828698D6C0033CB84 /* AppDateFormatter.swift */; };
		E29532A7286992950033CB84 /* CoreDataManager.swift in Sources */ = {isa = PBXBuildFile; fileRef = E29532A6286992950033CB84 /* CoreDataManager.swift */; };
		E29532C52869A6DF0033CB84 /* String+Ext.swift in Sources */ = {isa = PBXBuildFile; fileRef = E29532C42869A6DF0033CB84 /* String+Ext.swift */; };
		E29532C72869AC7B0033CB84 /* Reachability.swift in Sources */ = {isa = PBXBuildFile; fileRef = E29532C62869AC7B0033CB84 /* Reachability.swift */; };
		E29532C92869AE3F0033CB84 /* ReachabilityManager.swift in Sources */ = {isa = PBXBuildFile; fileRef = E29532C82869AE3F0033CB84 /* ReachabilityManager.swift */; };
		E29532CC2869B6D90033CB84 /* ArticleItem+CoreDataClass.swift in Sources */ = {isa = PBXBuildFile; fileRef = E29532CA2869B6D90033CB84 /* ArticleItem+CoreDataClass.swift */; };
		E29532CD2869B6D90033CB84 /* ArticleItem+CoreDataProperties.swift in Sources */ = {isa = PBXBuildFile; fileRef = E29532CB2869B6D90033CB84 /* ArticleItem+CoreDataProperties.swift */; };
		E29532CF2869C4AB0033CB84 /* APIErrorResponse.swift in Sources */ = {isa = PBXBuildFile; fileRef = E29532CE2869C4AB0033CB84 /* APIErrorResponse.swift */; };
		E29532D52869C88A0033CB84 /* AlertRouter.swift in Sources */ = {isa = PBXBuildFile; fileRef = E29532D12869C88A0033CB84 /* AlertRouter.swift */; };
		E29532D62869C88A0033CB84 /* AlertViewController.swift in Sources */ = {isa = PBXBuildFile; fileRef = E29532D22869C88A0033CB84 /* AlertViewController.swift */; };
		E29532D72869C88A0033CB84 /* AlertViewModel.swift in Sources */ = {isa = PBXBuildFile; fileRef = E29532D32869C88A0033CB84 /* AlertViewModel.swift */; };
		E29532D82869C88A0033CB84 /* AlertViewController.xib in Resources */ = {isa = PBXBuildFile; fileRef = E29532D42869C88A0033CB84 /* AlertViewController.xib */; };
		E2CB4469286A181C00750711 /* HomeViewModelTests.swift in Sources */ = {isa = PBXBuildFile; fileRef = E2CB4468286A181C00750711 /* HomeViewModelTests.swift */; };
		E2CB446B286A183C00750711 /* MockHomeRouter.swift in Sources */ = {isa = PBXBuildFile; fileRef = E2CB446A286A183C00750711 /* MockHomeRouter.swift */; };
		E2CB446D286A185700750711 /* MockHomeView.swift in Sources */ = {isa = PBXBuildFile; fileRef = E2CB446C286A185700750711 /* MockHomeView.swift */; };
		E2CB446F286A186500750711 /* MockHomeService.swift in Sources */ = {isa = PBXBuildFile; fileRef = E2CB446E286A186500750711 /* MockHomeService.swift */; };
		E2CB4471286A1C6900750711 /* MockReachabilityManager.swift in Sources */ = {isa = PBXBuildFile; fileRef = E2CB4470286A1C6900750711 /* MockReachabilityManager.swift */; };
		E2CB4473286A1C7B00750711 /* MockCoreDataManager.swift in Sources */ = {isa = PBXBuildFile; fileRef = E2CB4472286A1C7B00750711 /* MockCoreDataManager.swift */; };
		E2CB4476286A2A9300750711 /* MockFactory.swift in Sources */ = {isa = PBXBuildFile; fileRef = E2CB4475286A2A9300750711 /* MockFactory.swift */; };
		E2FA4BC52865F2F2004D8FC5 /* AppDelegate.swift in Sources */ = {isa = PBXBuildFile; fileRef = E2FA4BC42865F2F2004D8FC5 /* AppDelegate.swift */; };
		E2FA4BC72865F2F2004D8FC5 /* SceneDelegate.swift in Sources */ = {isa = PBXBuildFile; fileRef = E2FA4BC62865F2F2004D8FC5 /* SceneDelegate.swift */; };
		E2FA4BCF2865F2F3004D8FC5 /* Unisys.xcdatamodeld in Sources */ = {isa = PBXBuildFile; fileRef = E2FA4BCD2865F2F3004D8FC5 /* Unisys.xcdatamodeld */; };
		E2FA4BD12865F2F4004D8FC5 /* Assets.xcassets in Resources */ = {isa = PBXBuildFile; fileRef = E2FA4BD02865F2F4004D8FC5 /* Assets.xcassets */; };
		E2FA4BD42865F2F4004D8FC5 /* LaunchScreen.storyboard in Resources */ = {isa = PBXBuildFile; fileRef = E2FA4BD22865F2F4004D8FC5 /* LaunchScreen.storyboard */; };
		E2FA4BDF2865F2F5004D8FC5 /* UnisysTests.swift in Sources */ = {isa = PBXBuildFile; fileRef = E2FA4BDE2865F2F5004D8FC5 /* UnisysTests.swift */; };
		E2FA4BE92865F2F5004D8FC5 /* UnisysUITests.swift in Sources */ = {isa = PBXBuildFile; fileRef = E2FA4BE82865F2F5004D8FC5 /* UnisysUITests.swift */; };
		E2FA4BEB2865F2F5004D8FC5 /* UnisysUITestsLaunchTests.swift in Sources */ = {isa = PBXBuildFile; fileRef = E2FA4BEA2865F2F5004D8FC5 /* UnisysUITestsLaunchTests.swift */; };
		E2FA4BFF2865F5E8004D8FC5 /* HomeRouter.swift in Sources */ = {isa = PBXBuildFile; fileRef = E2FA4BFB2865F5E8004D8FC5 /* HomeRouter.swift */; };
		E2FA4C002865F5E8004D8FC5 /* HomeViewController.swift in Sources */ = {isa = PBXBuildFile; fileRef = E2FA4BFC2865F5E8004D8FC5 /* HomeViewController.swift */; };
		E2FA4C012865F5E8004D8FC5 /* HomeViewModel.swift in Sources */ = {isa = PBXBuildFile; fileRef = E2FA4BFD2865F5E8004D8FC5 /* HomeViewModel.swift */; };
		E2FA4C022865F5E8004D8FC5 /* HomeViewController.xib in Resources */ = {isa = PBXBuildFile; fileRef = E2FA4BFE2865F5E8004D8FC5 /* HomeViewController.xib */; };
		E2FA4C072865F5F7004D8FC5 /* DetailsRouter.swift in Sources */ = {isa = PBXBuildFile; fileRef = E2FA4C032865F5F7004D8FC5 /* DetailsRouter.swift */; };
		E2FA4C082865F5F7004D8FC5 /* DetailsViewController.swift in Sources */ = {isa = PBXBuildFile; fileRef = E2FA4C042865F5F7004D8FC5 /* DetailsViewController.swift */; };
		E2FA4C092865F5F7004D8FC5 /* DetailsViewModel.swift in Sources */ = {isa = PBXBuildFile; fileRef = E2FA4C052865F5F7004D8FC5 /* DetailsViewModel.swift */; };
		E2FA4C0A2865F5F7004D8FC5 /* DetailsViewController.xib in Resources */ = {isa = PBXBuildFile; fileRef = E2FA4C062865F5F7004D8FC5 /* DetailsViewController.xib */; };
/* End PBXBuildFile section */

/* Begin PBXContainerItemProxy section */
		E2FA4BDB2865F2F5004D8FC5 /* PBXContainerItemProxy */ = {
			isa = PBXContainerItemProxy;
			containerPortal = E2FA4BB92865F2F2004D8FC5 /* Project object */;
			proxyType = 1;
			remoteGlobalIDString = E2FA4BC02865F2F2004D8FC5;
			remoteInfo = Unisys;
		};
		E2FA4BE52865F2F5004D8FC5 /* PBXContainerItemProxy */ = {
			isa = PBXContainerItemProxy;
			containerPortal = E2FA4BB92865F2F2004D8FC5 /* Project object */;
			proxyType = 1;
			remoteGlobalIDString = E2FA4BC02865F2F2004D8FC5;
			remoteInfo = Unisys;
		};
/* End PBXContainerItemProxy section */

/* Begin PBXFileReference section */
		E257278428675C4D00F07E19 /* APIRequest.swift */ = {isa = PBXFileReference; lastKnownFileType = sourcecode.swift; path = APIRequest.swift; sourceTree = "<group>"; };
		E257278628675C9A00F07E19 /* HTTPMethod.swift */ = {isa = PBXFileReference; lastKnownFileType = sourcecode.swift; path = HTTPMethod.swift; sourceTree = "<group>"; };
		E257278A28675D4200F07E19 /* ResultResponse.swift */ = {isa = PBXFileReference; lastKnownFileType = sourcecode.swift; path = ResultResponse.swift; sourceTree = "<group>"; };
		E257278C28675DAA00F07E19 /* NetworkRequester.swift */ = {isa = PBXFileReference; lastKnownFileType = sourcecode.swift; path = NetworkRequester.swift; sourceTree = "<group>"; };
		E257278E28675DE600F07E19 /* NetworkRequest.swift */ = {isa = PBXFileReference; lastKnownFileType = sourcecode.swift; path = NetworkRequest.swift; sourceTree = "<group>"; };
		E25727912867603700F07E19 /* APIPath.swift */ = {isa = PBXFileReference; lastKnownFileType = sourcecode.swift; path = APIPath.swift; sourceTree = "<group>"; };
		E2572793286760B000F07E19 /* UnisysAPIURL.swift */ = {isa = PBXFileReference; lastKnownFileType = sourcecode.swift; path = UnisysAPIURL.swift; sourceTree = "<group>"; };
		E25727962867615F00F07E19 /* HomeCell.swift */ = {isa = PBXFileReference; lastKnownFileType = sourcecode.swift; path = HomeCell.swift; sourceTree = "<group>"; };
		E25727972867615F00F07E19 /* HomeCell.xib */ = {isa = PBXFileReference; lastKnownFileType = file.xib; path = HomeCell.xib; sourceTree = "<group>"; };
		E257279C286763A700F07E19 /* UIView+Ext.swift */ = {isa = PBXFileReference; lastKnownFileType = sourcecode.swift; path = "UIView+Ext.swift"; sourceTree = "<group>"; };
		E257279F2867659D00F07E19 /* HomeService.swift */ = {isa = PBXFileReference; lastKnownFileType = sourcecode.swift; path = HomeService.swift; sourceTree = "<group>"; };
		E25727A12867663600F07E19 /* HomeRequest.swift */ = {isa = PBXFileReference; lastKnownFileType = sourcecode.swift; path = HomeRequest.swift; sourceTree = "<group>"; };
		E25727A32867682E00F07E19 /* NewsResponse.swift */ = {isa = PBXFileReference; lastKnownFileType = sourcecode.swift; path = NewsResponse.swift; sourceTree = "<group>"; };
		E25727A528676A0000F07E19 /* Constants.swift */ = {isa = PBXFileReference; lastKnownFileType = sourcecode.swift; path = Constants.swift; sourceTree = "<group>"; };
		E2953293286979290033CB84 /* UIImageView+Ext.swift */ = {isa = PBXFileReference; lastKnownFileType = sourcecode.swift; path = "UIImageView+Ext.swift"; sourceTree = "<group>"; };
		E2953295286989820033CB84 /* UILabel+Ext.swift */ = {isa = PBXFileReference; lastKnownFileType = sourcecode.swift; path = "UILabel+Ext.swift"; sourceTree = "<group>"; };
		E295329828698D6C0033CB84 /* AppDateFormatter.swift */ = {isa = PBXFileReference; lastKnownFileType = sourcecode.swift; path = AppDateFormatter.swift; sourceTree = "<group>"; };
		E29532A6286992950033CB84 /* CoreDataManager.swift */ = {isa = PBXFileReference; lastKnownFileType = sourcecode.swift; path = CoreDataManager.swift; sourceTree = "<group>"; };
		E29532C42869A6DF0033CB84 /* String+Ext.swift */ = {isa = PBXFileReference; lastKnownFileType = sourcecode.swift; path = "String+Ext.swift"; sourceTree = "<group>"; };
		E29532C62869AC7B0033CB84 /* Reachability.swift */ = {isa = PBXFileReference; lastKnownFileType = sourcecode.swift; path = Reachability.swift; sourceTree = "<group>"; };
		E29532C82869AE3F0033CB84 /* ReachabilityManager.swift */ = {isa = PBXFileReference; lastKnownFileType = sourcecode.swift; path = ReachabilityManager.swift; sourceTree = "<group>"; };
		E29532CA2869B6D90033CB84 /* ArticleItem+CoreDataClass.swift */ = {isa = PBXFileReference; lastKnownFileType = sourcecode.swift; path = "ArticleItem+CoreDataClass.swift"; sourceTree = "<group>"; };
		E29532CB2869B6D90033CB84 /* ArticleItem+CoreDataProperties.swift */ = {isa = PBXFileReference; lastKnownFileType = sourcecode.swift; path = "ArticleItem+CoreDataProperties.swift"; sourceTree = "<group>"; };
		E29532CE2869C4AB0033CB84 /* APIErrorResponse.swift */ = {isa = PBXFileReference; lastKnownFileType = sourcecode.swift; path = APIErrorResponse.swift; sourceTree = "<group>"; };
		E29532D12869C88A0033CB84 /* AlertRouter.swift */ = {isa = PBXFileReference; lastKnownFileType = sourcecode.swift; path = AlertRouter.swift; sourceTree = "<group>"; };
		E29532D22869C88A0033CB84 /* AlertViewController.swift */ = {isa = PBXFileReference; lastKnownFileType = sourcecode.swift; path = AlertViewController.swift; sourceTree = "<group>"; };
		E29532D32869C88A0033CB84 /* AlertViewModel.swift */ = {isa = PBXFileReference; lastKnownFileType = sourcecode.swift; path = AlertViewModel.swift; sourceTree = "<group>"; };
		E29532D42869C88A0033CB84 /* AlertViewController.xib */ = {isa = PBXFileReference; lastKnownFileType = file.xib; path = AlertViewController.xib; sourceTree = "<group>"; };
		E2CB4468286A181C00750711 /* HomeViewModelTests.swift */ = {isa = PBXFileReference; lastKnownFileType = sourcecode.swift; path = HomeViewModelTests.swift; sourceTree = "<group>"; };
		E2CB446A286A183C00750711 /* MockHomeRouter.swift */ = {isa = PBXFileReference; lastKnownFileType = sourcecode.swift; path = MockHomeRouter.swift; sourceTree = "<group>"; };
		E2CB446C286A185700750711 /* MockHomeView.swift */ = {isa = PBXFileReference; lastKnownFileType = sourcecode.swift; path = MockHomeView.swift; sourceTree = "<group>"; };
		E2CB446E286A186500750711 /* MockHomeService.swift */ = {isa = PBXFileReference; lastKnownFileType = sourcecode.swift; path = MockHomeService.swift; sourceTree = "<group>"; };
		E2CB4470286A1C6900750711 /* MockReachabilityManager.swift */ = {isa = PBXFileReference; lastKnownFileType = sourcecode.swift; path = MockReachabilityManager.swift; sourceTree = "<group>"; };
		E2CB4472286A1C7B00750711 /* MockCoreDataManager.swift */ = {isa = PBXFileReference; lastKnownFileType = sourcecode.swift; path = MockCoreDataManager.swift; sourceTree = "<group>"; };
		E2CB4475286A2A9300750711 /* MockFactory.swift */ = {isa = PBXFileReference; lastKnownFileType = sourcecode.swift; path = MockFactory.swift; sourceTree = "<group>"; };
		E2FA4BC12865F2F2004D8FC5 /* Unisys.app */ = {isa = PBXFileReference; explicitFileType = wrapper.application; includeInIndex = 0; path = Unisys.app; sourceTree = BUILT_PRODUCTS_DIR; };
		E2FA4BC42865F2F2004D8FC5 /* AppDelegate.swift */ = {isa = PBXFileReference; lastKnownFileType = sourcecode.swift; path = AppDelegate.swift; sourceTree = "<group>"; };
		E2FA4BC62865F2F2004D8FC5 /* SceneDelegate.swift */ = {isa = PBXFileReference; lastKnownFileType = sourcecode.swift; path = SceneDelegate.swift; sourceTree = "<group>"; };
		E2FA4BCE2865F2F3004D8FC5 /* Unisys.xcdatamodel */ = {isa = PBXFileReference; lastKnownFileType = wrapper.xcdatamodel; path = Unisys.xcdatamodel; sourceTree = "<group>"; };
		E2FA4BD02865F2F4004D8FC5 /* Assets.xcassets */ = {isa = PBXFileReference; lastKnownFileType = folder.assetcatalog; path = Assets.xcassets; sourceTree = "<group>"; };
		E2FA4BD32865F2F4004D8FC5 /* Base */ = {isa = PBXFileReference; lastKnownFileType = file.storyboard; name = Base; path = Base.lproj/LaunchScreen.storyboard; sourceTree = "<group>"; };
		E2FA4BD52865F2F4004D8FC5 /* Info.plist */ = {isa = PBXFileReference; lastKnownFileType = text.plist.xml; path = Info.plist; sourceTree = "<group>"; };
		E2FA4BDA2865F2F5004D8FC5 /* UnisysTests.xctest */ = {isa = PBXFileReference; explicitFileType = wrapper.cfbundle; includeInIndex = 0; path = UnisysTests.xctest; sourceTree = BUILT_PRODUCTS_DIR; };
		E2FA4BDE2865F2F5004D8FC5 /* UnisysTests.swift */ = {isa = PBXFileReference; lastKnownFileType = sourcecode.swift; path = UnisysTests.swift; sourceTree = "<group>"; };
		E2FA4BE42865F2F5004D8FC5 /* UnisysUITests.xctest */ = {isa = PBXFileReference; explicitFileType = wrapper.cfbundle; includeInIndex = 0; path = UnisysUITests.xctest; sourceTree = BUILT_PRODUCTS_DIR; };
		E2FA4BE82865F2F5004D8FC5 /* UnisysUITests.swift */ = {isa = PBXFileReference; lastKnownFileType = sourcecode.swift; path = UnisysUITests.swift; sourceTree = "<group>"; };
		E2FA4BEA2865F2F5004D8FC5 /* UnisysUITestsLaunchTests.swift */ = {isa = PBXFileReference; lastKnownFileType = sourcecode.swift; path = UnisysUITestsLaunchTests.swift; sourceTree = "<group>"; };
		E2FA4BFB2865F5E8004D8FC5 /* HomeRouter.swift */ = {isa = PBXFileReference; lastKnownFileType = sourcecode.swift; path = HomeRouter.swift; sourceTree = "<group>"; };
		E2FA4BFC2865F5E8004D8FC5 /* HomeViewController.swift */ = {isa = PBXFileReference; lastKnownFileType = sourcecode.swift; path = HomeViewController.swift; sourceTree = "<group>"; };
		E2FA4BFD2865F5E8004D8FC5 /* HomeViewModel.swift */ = {isa = PBXFileReference; lastKnownFileType = sourcecode.swift; path = HomeViewModel.swift; sourceTree = "<group>"; };
		E2FA4BFE2865F5E8004D8FC5 /* HomeViewController.xib */ = {isa = PBXFileReference; lastKnownFileType = file.xib; path = HomeViewController.xib; sourceTree = "<group>"; };
		E2FA4C032865F5F7004D8FC5 /* DetailsRouter.swift */ = {isa = PBXFileReference; lastKnownFileType = sourcecode.swift; path = DetailsRouter.swift; sourceTree = "<group>"; };
		E2FA4C042865F5F7004D8FC5 /* DetailsViewController.swift */ = {isa = PBXFileReference; lastKnownFileType = sourcecode.swift; path = DetailsViewController.swift; sourceTree = "<group>"; };
		E2FA4C052865F5F7004D8FC5 /* DetailsViewModel.swift */ = {isa = PBXFileReference; lastKnownFileType = sourcecode.swift; path = DetailsViewModel.swift; sourceTree = "<group>"; };
		E2FA4C062865F5F7004D8FC5 /* DetailsViewController.xib */ = {isa = PBXFileReference; lastKnownFileType = file.xib; path = DetailsViewController.xib; sourceTree = "<group>"; };
/* End PBXFileReference section */

/* Begin PBXFrameworksBuildPhase section */
		E2FA4BBE2865F2F2004D8FC5 /* Frameworks */ = {
			isa = PBXFrameworksBuildPhase;
			buildActionMask = 2147483647;
			files = (
			);
			runOnlyForDeploymentPostprocessing = 0;
		};
		E2FA4BD72865F2F5004D8FC5 /* Frameworks */ = {
			isa = PBXFrameworksBuildPhase;
			buildActionMask = 2147483647;
			files = (
			);
			runOnlyForDeploymentPostprocessing = 0;
		};
		E2FA4BE12865F2F5004D8FC5 /* Frameworks */ = {
			isa = PBXFrameworksBuildPhase;
			buildActionMask = 2147483647;
			files = (
			);
			runOnlyForDeploymentPostprocessing = 0;
		};
/* End PBXFrameworksBuildPhase section */

/* Begin PBXGroup section */
		E257278328675C4000F07E19 /* Models */ = {
			isa = PBXGroup;
			children = (
				E257278428675C4D00F07E19 /* APIRequest.swift */,
				E257278628675C9A00F07E19 /* HTTPMethod.swift */,
				E257278A28675D4200F07E19 /* ResultResponse.swift */,
				E29532CE2869C4AB0033CB84 /* APIErrorResponse.swift */,
			);
			path = Models;
			sourceTree = "<group>";
		};
		E25727902867602500F07E19 /* API */ = {
			isa = PBXGroup;
			children = (
				E25727912867603700F07E19 /* APIPath.swift */,
				E2572793286760B000F07E19 /* UnisysAPIURL.swift */,
			);
			path = API;
			sourceTree = "<group>";
		};
		E25727952867614300F07E19 /* Cells */ = {
			isa = PBXGroup;
			children = (
				E25727962867615F00F07E19 /* HomeCell.swift */,
				E25727972867615F00F07E19 /* HomeCell.xib */,
			);
			path = Cells;
			sourceTree = "<group>";
		};
		E257279A2867629100F07E19 /* Common */ = {
			isa = PBXGroup;
			children = (
				E295329728698D550033CB84 /* Managers */,
				E257279B2867638F00F07E19 /* Extensions */,
				E25727A528676A0000F07E19 /* Constants.swift */,
			);
			path = Common;
			sourceTree = "<group>";
		};
		E257279B2867638F00F07E19 /* Extensions */ = {
			isa = PBXGroup;
			children = (
				E2953295286989820033CB84 /* UILabel+Ext.swift */,
				E2953293286979290033CB84 /* UIImageView+Ext.swift */,
				E257279C286763A700F07E19 /* UIView+Ext.swift */,
				E29532C42869A6DF0033CB84 /* String+Ext.swift */,
			);
			path = Extensions;
			sourceTree = "<group>";
		};
		E257279E286764DE00F07E19 /* API */ = {
			isa = PBXGroup;
			children = (
				E257279F2867659D00F07E19 /* HomeService.swift */,
				E25727A12867663600F07E19 /* HomeRequest.swift */,
				E25727A32867682E00F07E19 /* NewsResponse.swift */,
			);
			path = API;
			sourceTree = "<group>";
		};
		E295329728698D550033CB84 /* Managers */ = {
			isa = PBXGroup;
			children = (
				E295329828698D6C0033CB84 /* AppDateFormatter.swift */,
				E29532A6286992950033CB84 /* CoreDataManager.swift */,
				E29532C62869AC7B0033CB84 /* Reachability.swift */,
				E29532C82869AE3F0033CB84 /* ReachabilityManager.swift */,
			);
			path = Managers;
			sourceTree = "<group>";
		};
		E29532D02869C86F0033CB84 /* Alert */ = {
			isa = PBXGroup;
			children = (
				E29532D12869C88A0033CB84 /* AlertRouter.swift */,
				E29532D32869C88A0033CB84 /* AlertViewModel.swift */,
				E29532D22869C88A0033CB84 /* AlertViewController.swift */,
				E29532D42869C88A0033CB84 /* AlertViewController.xib */,
			);
			path = Alert;
			sourceTree = "<group>";
		};
		E2CB4463286A16F300750711 /* DataBase */ = {
			isa = PBXGroup;
			children = (
				E29532CA2869B6D90033CB84 /* ArticleItem+CoreDataClass.swift */,
				E29532CB2869B6D90033CB84 /* ArticleItem+CoreDataProperties.swift */,
				E2FA4BCD2865F2F3004D8FC5 /* Unisys.xcdatamodeld */,
			);
			path = DataBase;
			sourceTree = "<group>";
		};
		E2CB4464286A177B00750711 /* Source */ = {
			isa = PBXGroup;
			children = (
				E2CB4465286A178600750711 /* UI */,
			);
			path = Source;
			sourceTree = "<group>";
		};
		E2CB4465286A178600750711 /* UI */ = {
			isa = PBXGroup;
			children = (
				E2CB4466286A178C00750711 /* Home */,
			);
			path = UI;
			sourceTree = "<group>";
		};
		E2CB4466286A178C00750711 /* Home */ = {
			isa = PBXGroup;
			children = (
				E2CB4467286A17F000750711 /* Mocks */,
				E2CB4468286A181C00750711 /* HomeViewModelTests.swift */,
			);
			path = Home;
			sourceTree = "<group>";
		};
		E2CB4467286A17F000750711 /* Mocks */ = {
			isa = PBXGroup;
			children = (
				E2CB4472286A1C7B00750711 /* MockCoreDataManager.swift */,
				E2CB4470286A1C6900750711 /* MockReachabilityManager.swift */,
				E2CB446E286A186500750711 /* MockHomeService.swift */,
				E2CB446A286A183C00750711 /* MockHomeRouter.swift */,
				E2CB446C286A185700750711 /* MockHomeView.swift */,
				E2CB4475286A2A9300750711 /* MockFactory.swift */,
			);
			path = Mocks;
			sourceTree = "<group>";
		};
		E2FA4BB82865F2F2004D8FC5 = {
			isa = PBXGroup;
			children = (
				E2FA4BC32865F2F2004D8FC5 /* Unisys */,
				E2FA4BDD2865F2F5004D8FC5 /* UnisysTests */,
				E2FA4BE72865F2F5004D8FC5 /* UnisysUITests */,
				E2FA4BC22865F2F2004D8FC5 /* Products */,
			);
			sourceTree = "<group>";
		};
		E2FA4BC22865F2F2004D8FC5 /* Products */ = {
			isa = PBXGroup;
			children = (
				E2FA4BC12865F2F2004D8FC5 /* Unisys.app */,
				E2FA4BDA2865F2F5004D8FC5 /* UnisysTests.xctest */,
				E2FA4BE42865F2F5004D8FC5 /* UnisysUITests.xctest */,
			);
			name = Products;
			sourceTree = "<group>";
		};
		E2FA4BC32865F2F2004D8FC5 /* Unisys */ = {
			isa = PBXGroup;
			children = (
				E2FA4BF72865F5A2004D8FC5 /* App */,
				E2CB4463286A16F300750711 /* DataBase */,
				E257279A2867629100F07E19 /* Common */,
				E2FA4C0C2865F8CB004D8FC5 /* Networking */,
				E2FA4BF82865F5B5004D8FC5 /* UI */,
				E2FA4C0B2865F615004D8FC5 /* Resources */,
			);
			path = Unisys;
			sourceTree = "<group>";
		};
		E2FA4BDD2865F2F5004D8FC5 /* UnisysTests */ = {
			isa = PBXGroup;
			children = (
				E2CB4464286A177B00750711 /* Source */,
				E2FA4BDE2865F2F5004D8FC5 /* UnisysTests.swift */,
			);
			path = UnisysTests;
			sourceTree = "<group>";
		};
		E2FA4BE72865F2F5004D8FC5 /* UnisysUITests */ = {
			isa = PBXGroup;
			children = (
				E2FA4BE82865F2F5004D8FC5 /* UnisysUITests.swift */,
				E2FA4BEA2865F2F5004D8FC5 /* UnisysUITestsLaunchTests.swift */,
			);
			path = UnisysUITests;
			sourceTree = "<group>";
		};
		E2FA4BF72865F5A2004D8FC5 /* App */ = {
			isa = PBXGroup;
			children = (
				E2FA4BC42865F2F2004D8FC5 /* AppDelegate.swift */,
				E2FA4BC62865F2F2004D8FC5 /* SceneDelegate.swift */,
			);
			path = App;
			sourceTree = "<group>";
		};
		E2FA4BF82865F5B5004D8FC5 /* UI */ = {
			isa = PBXGroup;
			children = (
				E29532D02869C86F0033CB84 /* Alert */,
				E2FA4BFA2865F5D2004D8FC5 /* Details */,
				E2FA4BF92865F5CA004D8FC5 /* Home */,
			);
			path = UI;
			sourceTree = "<group>";
		};
		E2FA4BF92865F5CA004D8FC5 /* Home */ = {
			isa = PBXGroup;
			children = (
				E257279E286764DE00F07E19 /* API */,
				E25727952867614300F07E19 /* Cells */,
				E2FA4BFB2865F5E8004D8FC5 /* HomeRouter.swift */,
				E2FA4BFD2865F5E8004D8FC5 /* HomeViewModel.swift */,
				E2FA4BFC2865F5E8004D8FC5 /* HomeViewController.swift */,
				E2FA4BFE2865F5E8004D8FC5 /* HomeViewController.xib */,
			);
			path = Home;
			sourceTree = "<group>";
		};
		E2FA4BFA2865F5D2004D8FC5 /* Details */ = {
			isa = PBXGroup;
			children = (
				E2FA4C032865F5F7004D8FC5 /* DetailsRouter.swift */,
				E2FA4C052865F5F7004D8FC5 /* DetailsViewModel.swift */,
				E2FA4C042865F5F7004D8FC5 /* DetailsViewController.swift */,
				E2FA4C062865F5F7004D8FC5 /* DetailsViewController.xib */,
			);
			path = Details;
			sourceTree = "<group>";
		};
		E2FA4C0B2865F615004D8FC5 /* Resources */ = {
			isa = PBXGroup;
			children = (
				E2FA4BD52865F2F4004D8FC5 /* Info.plist */,
				E2FA4BD22865F2F4004D8FC5 /* LaunchScreen.storyboard */,
				E2FA4BD02865F2F4004D8FC5 /* Assets.xcassets */,
			);
			path = Resources;
			sourceTree = "<group>";
		};
		E2FA4C0C2865F8CB004D8FC5 /* Networking */ = {
			isa = PBXGroup;
			children = (
				E25727902867602500F07E19 /* API */,
				E257278328675C4000F07E19 /* Models */,
				E257278E28675DE600F07E19 /* NetworkRequest.swift */,
				E257278C28675DAA00F07E19 /* NetworkRequester.swift */,
			);
			path = Networking;
			sourceTree = "<group>";
		};
/* End PBXGroup section */

/* Begin PBXNativeTarget section */
		E2FA4BC02865F2F2004D8FC5 /* Unisys */ = {
			isa = PBXNativeTarget;
			buildConfigurationList = E2FA4BEE2865F2F5004D8FC5 /* Build configuration list for PBXNativeTarget "Unisys" */;
			buildPhases = (
				E2FA4BBD2865F2F2004D8FC5 /* Sources */,
				E2FA4BBE2865F2F2004D8FC5 /* Frameworks */,
				E2FA4BBF2865F2F2004D8FC5 /* Resources */,
			);
			buildRules = (
			);
			dependencies = (
			);
			name = Unisys;
			productName = Unisys;
			productReference = E2FA4BC12865F2F2004D8FC5 /* Unisys.app */;
			productType = "com.apple.product-type.application";
		};
		E2FA4BD92865F2F5004D8FC5 /* UnisysTests */ = {
			isa = PBXNativeTarget;
			buildConfigurationList = E2FA4BF12865F2F5004D8FC5 /* Build configuration list for PBXNativeTarget "UnisysTests" */;
			buildPhases = (
				E2FA4BD62865F2F5004D8FC5 /* Sources */,
				E2FA4BD72865F2F5004D8FC5 /* Frameworks */,
				E2FA4BD82865F2F5004D8FC5 /* Resources */,
			);
			buildRules = (
			);
			dependencies = (
				E2FA4BDC2865F2F5004D8FC5 /* PBXTargetDependency */,
			);
			name = UnisysTests;
			productName = UnisysTests;
			productReference = E2FA4BDA2865F2F5004D8FC5 /* UnisysTests.xctest */;
			productType = "com.apple.product-type.bundle.unit-test";
		};
		E2FA4BE32865F2F5004D8FC5 /* UnisysUITests */ = {
			isa = PBXNativeTarget;
			buildConfigurationList = E2FA4BF42865F2F5004D8FC5 /* Build configuration list for PBXNativeTarget "UnisysUITests" */;
			buildPhases = (
				E2FA4BE02865F2F5004D8FC5 /* Sources */,
				E2FA4BE12865F2F5004D8FC5 /* Frameworks */,
				E2FA4BE22865F2F5004D8FC5 /* Resources */,
			);
			buildRules = (
			);
			dependencies = (
				E2FA4BE62865F2F5004D8FC5 /* PBXTargetDependency */,
			);
			name = UnisysUITests;
			productName = UnisysUITests;
			productReference = E2FA4BE42865F2F5004D8FC5 /* UnisysUITests.xctest */;
			productType = "com.apple.product-type.bundle.ui-testing";
		};
/* End PBXNativeTarget section */

/* Begin PBXProject section */
		E2FA4BB92865F2F2004D8FC5 /* Project object */ = {
			isa = PBXProject;
			attributes = {
				BuildIndependentTargetsInParallel = 1;
				LastSwiftUpdateCheck = 1340;
				LastUpgradeCheck = 1340;
				TargetAttributes = {
					E2FA4BC02865F2F2004D8FC5 = {
						CreatedOnToolsVersion = 13.4.1;
					};
					E2FA4BD92865F2F5004D8FC5 = {
						CreatedOnToolsVersion = 13.4.1;
						TestTargetID = E2FA4BC02865F2F2004D8FC5;
					};
					E2FA4BE32865F2F5004D8FC5 = {
						CreatedOnToolsVersion = 13.4.1;
						TestTargetID = E2FA4BC02865F2F2004D8FC5;
					};
				};
			};
			buildConfigurationList = E2FA4BBC2865F2F2004D8FC5 /* Build configuration list for PBXProject "Unisys" */;
			compatibilityVersion = "Xcode 13.0";
			developmentRegion = en;
			hasScannedForEncodings = 0;
			knownRegions = (
				en,
				Base,
			);
			mainGroup = E2FA4BB82865F2F2004D8FC5;
			productRefGroup = E2FA4BC22865F2F2004D8FC5 /* Products */;
			projectDirPath = "";
			projectRoot = "";
			targets = (
				E2FA4BC02865F2F2004D8FC5 /* Unisys */,
				E2FA4BD92865F2F5004D8FC5 /* UnisysTests */,
				E2FA4BE32865F2F5004D8FC5 /* UnisysUITests */,
			);
		};
/* End PBXProject section */

/* Begin PBXResourcesBuildPhase section */
		E2FA4BBF2865F2F2004D8FC5 /* Resources */ = {
			isa = PBXResourcesBuildPhase;
			buildActionMask = 2147483647;
			files = (
				E2FA4BD42865F2F4004D8FC5 /* LaunchScreen.storyboard in Resources */,
				E2FA4BD12865F2F4004D8FC5 /* Assets.xcassets in Resources */,
				E2FA4C0A2865F5F7004D8FC5 /* DetailsViewController.xib in Resources */,
				E2FA4C022865F5E8004D8FC5 /* HomeViewController.xib in Resources */,
				E25727992867615F00F07E19 /* HomeCell.xib in Resources */,
				E29532D82869C88A0033CB84 /* AlertViewController.xib in Resources */,
			);
			runOnlyForDeploymentPostprocessing = 0;
		};
		E2FA4BD82865F2F5004D8FC5 /* Resources */ = {
			isa = PBXResourcesBuildPhase;
			buildActionMask = 2147483647;
			files = (
			);
			runOnlyForDeploymentPostprocessing = 0;
		};
		E2FA4BE22865F2F5004D8FC5 /* Resources */ = {
			isa = PBXResourcesBuildPhase;
			buildActionMask = 2147483647;
			files = (
			);
			runOnlyForDeploymentPostprocessing = 0;
		};
/* End PBXResourcesBuildPhase section */

/* Begin PBXSourcesBuildPhase section */
		E2FA4BBD2865F2F2004D8FC5 /* Sources */ = {
			isa = PBXSourcesBuildPhase;
			buildActionMask = 2147483647;
			files = (
				E29532C92869AE3F0033CB84 /* ReachabilityManager.swift in Sources */,
				E2FA4BC52865F2F2004D8FC5 /* AppDelegate.swift in Sources */,
				E2FA4C082865F5F7004D8FC5 /* DetailsViewController.swift in Sources */,
				E29532D72869C88A0033CB84 /* AlertViewModel.swift in Sources */,
				E295329928698D6C0033CB84 /* AppDateFormatter.swift in Sources */,
				E2FA4C012865F5E8004D8FC5 /* HomeViewModel.swift in Sources */,
				E29532CF2869C4AB0033CB84 /* APIErrorResponse.swift in Sources */,
				E257278728675C9A00F07E19 /* HTTPMethod.swift in Sources */,
				E257278F28675DE600F07E19 /* NetworkRequest.swift in Sources */,
				E2FA4BCF2865F2F3004D8FC5 /* Unisys.xcdatamodeld in Sources */,
				E25727A628676A0000F07E19 /* Constants.swift in Sources */,
				E25727A22867663600F07E19 /* HomeRequest.swift in Sources */,
				E2953294286979290033CB84 /* UIImageView+Ext.swift in Sources */,
				E257279D286763A700F07E19 /* UIView+Ext.swift in Sources */,
				E29532CC2869B6D90033CB84 /* ArticleItem+CoreDataClass.swift in Sources */,
				E2FA4BC72865F2F2004D8FC5 /* SceneDelegate.swift in Sources */,
				E2FA4C072865F5F7004D8FC5 /* DetailsRouter.swift in Sources */,
				E257278B28675D4200F07E19 /* ResultResponse.swift in Sources */,
				E2953296286989830033CB84 /* UILabel+Ext.swift in Sources */,
				E2FA4C092865F5F7004D8FC5 /* DetailsViewModel.swift in Sources */,
				E2572794286760B000F07E19 /* UnisysAPIURL.swift in Sources */,
				E29532C72869AC7B0033CB84 /* Reachability.swift in Sources */,
				E29532C52869A6DF0033CB84 /* String+Ext.swift in Sources */,
				E2FA4BFF2865F5E8004D8FC5 /* HomeRouter.swift in Sources */,
				E25727A02867659D00F07E19 /* HomeService.swift in Sources */,
				E257278528675C4D00F07E19 /* APIRequest.swift in Sources */,
				E29532D62869C88A0033CB84 /* AlertViewController.swift in Sources */,
				E2FA4C002865F5E8004D8FC5 /* HomeViewController.swift in Sources */,
				E257278D28675DAA00F07E19 /* NetworkRequester.swift in Sources */,
				E29532D52869C88A0033CB84 /* AlertRouter.swift in Sources */,
				E29532A7286992950033CB84 /* CoreDataManager.swift in Sources */,
				E25727A42867682E00F07E19 /* NewsResponse.swift in Sources */,
				E29532CD2869B6D90033CB84 /* ArticleItem+CoreDataProperties.swift in Sources */,
				E25727982867615F00F07E19 /* HomeCell.swift in Sources */,
				E25727922867603700F07E19 /* APIPath.swift in Sources */,
			);
			runOnlyForDeploymentPostprocessing = 0;
		};
		E2FA4BD62865F2F5004D8FC5 /* Sources */ = {
			isa = PBXSourcesBuildPhase;
			buildActionMask = 2147483647;
			files = (
				E2FA4BDF2865F2F5004D8FC5 /* UnisysTests.swift in Sources */,
				E2CB4473286A1C7B00750711 /* MockCoreDataManager.swift in Sources */,
				E2CB446B286A183C00750711 /* MockHomeRouter.swift in Sources */,
				E2CB4469286A181C00750711 /* HomeViewModelTests.swift in Sources */,
				E2CB446F286A186500750711 /* MockHomeService.swift in Sources */,
				E2CB4471286A1C6900750711 /* MockReachabilityManager.swift in Sources */,
				E2CB4476286A2A9300750711 /* MockFactory.swift in Sources */,
				E2CB446D286A185700750711 /* MockHomeView.swift in Sources */,
			);
			runOnlyForDeploymentPostprocessing = 0;
		};
		E2FA4BE02865F2F5004D8FC5 /* Sources */ = {
			isa = PBXSourcesBuildPhase;
			buildActionMask = 2147483647;
			files = (
				E2FA4BE92865F2F5004D8FC5 /* UnisysUITests.swift in Sources */,
				E2FA4BEB2865F2F5004D8FC5 /* UnisysUITestsLaunchTests.swift in Sources */,
			);
			runOnlyForDeploymentPostprocessing = 0;
		};
/* End PBXSourcesBuildPhase section */

/* Begin PBXTargetDependency section */
		E2FA4BDC2865F2F5004D8FC5 /* PBXTargetDependency */ = {
			isa = PBXTargetDependency;
			target = E2FA4BC02865F2F2004D8FC5 /* Unisys */;
			targetProxy = E2FA4BDB2865F2F5004D8FC5 /* PBXContainerItemProxy */;
		};
		E2FA4BE62865F2F5004D8FC5 /* PBXTargetDependency */ = {
			isa = PBXTargetDependency;
			target = E2FA4BC02865F2F2004D8FC5 /* Unisys */;
			targetProxy = E2FA4BE52865F2F5004D8FC5 /* PBXContainerItemProxy */;
		};
/* End PBXTargetDependency section */

/* Begin PBXVariantGroup section */
		E2FA4BD22865F2F4004D8FC5 /* LaunchScreen.storyboard */ = {
			isa = PBXVariantGroup;
			children = (
				E2FA4BD32865F2F4004D8FC5 /* Base */,
			);
			name = LaunchScreen.storyboard;
			sourceTree = "<group>";
		};
/* End PBXVariantGroup section */

/* Begin XCBuildConfiguration section */
		E2FA4BEC2865F2F5004D8FC5 /* Debug */ = {
			isa = XCBuildConfiguration;
			buildSettings = {
				ALWAYS_SEARCH_USER_PATHS = NO;
				CLANG_ANALYZER_NONNULL = YES;
				CLANG_ANALYZER_NUMBER_OBJECT_CONVERSION = YES_AGGRESSIVE;
				CLANG_CXX_LANGUAGE_STANDARD = "gnu++17";
				CLANG_ENABLE_MODULES = YES;
				CLANG_ENABLE_OBJC_ARC = YES;
				CLANG_ENABLE_OBJC_WEAK = YES;
				CLANG_WARN_BLOCK_CAPTURE_AUTORELEASING = YES;
				CLANG_WARN_BOOL_CONVERSION = YES;
				CLANG_WARN_COMMA = YES;
				CLANG_WARN_CONSTANT_CONVERSION = YES;
				CLANG_WARN_DEPRECATED_OBJC_IMPLEMENTATIONS = YES;
				CLANG_WARN_DIRECT_OBJC_ISA_USAGE = YES_ERROR;
				CLANG_WARN_DOCUMENTATION_COMMENTS = YES;
				CLANG_WARN_EMPTY_BODY = YES;
				CLANG_WARN_ENUM_CONVERSION = YES;
				CLANG_WARN_INFINITE_RECURSION = YES;
				CLANG_WARN_INT_CONVERSION = YES;
				CLANG_WARN_NON_LITERAL_NULL_CONVERSION = YES;
				CLANG_WARN_OBJC_IMPLICIT_RETAIN_SELF = YES;
				CLANG_WARN_OBJC_LITERAL_CONVERSION = YES;
				CLANG_WARN_OBJC_ROOT_CLASS = YES_ERROR;
				CLANG_WARN_QUOTED_INCLUDE_IN_FRAMEWORK_HEADER = YES;
				CLANG_WARN_RANGE_LOOP_ANALYSIS = YES;
				CLANG_WARN_STRICT_PROTOTYPES = YES;
				CLANG_WARN_SUSPICIOUS_MOVE = YES;
				CLANG_WARN_UNGUARDED_AVAILABILITY = YES_AGGRESSIVE;
				CLANG_WARN_UNREACHABLE_CODE = YES;
				CLANG_WARN__DUPLICATE_METHOD_MATCH = YES;
				COPY_PHASE_STRIP = NO;
				DEBUG_INFORMATION_FORMAT = dwarf;
				ENABLE_STRICT_OBJC_MSGSEND = YES;
				ENABLE_TESTABILITY = YES;
				GCC_C_LANGUAGE_STANDARD = gnu11;
				GCC_DYNAMIC_NO_PIC = NO;
				GCC_NO_COMMON_BLOCKS = YES;
				GCC_OPTIMIZATION_LEVEL = 0;
				GCC_PREPROCESSOR_DEFINITIONS = (
					"DEBUG=1",
					"$(inherited)",
				);
				GCC_WARN_64_TO_32_BIT_CONVERSION = YES;
				GCC_WARN_ABOUT_RETURN_TYPE = YES_ERROR;
				GCC_WARN_UNDECLARED_SELECTOR = YES;
				GCC_WARN_UNINITIALIZED_AUTOS = YES_AGGRESSIVE;
				GCC_WARN_UNUSED_FUNCTION = YES;
				GCC_WARN_UNUSED_VARIABLE = YES;
				IPHONEOS_DEPLOYMENT_TARGET = 13.0;
				MTL_ENABLE_DEBUG_INFO = INCLUDE_SOURCE;
				MTL_FAST_MATH = YES;
				ONLY_ACTIVE_ARCH = YES;
				SDKROOT = iphoneos;
				SWIFT_ACTIVE_COMPILATION_CONDITIONS = DEBUG;
				SWIFT_OPTIMIZATION_LEVEL = "-Onone";
			};
			name = Debug;
		};
		E2FA4BED2865F2F5004D8FC5 /* Release */ = {
			isa = XCBuildConfiguration;
			buildSettings = {
				ALWAYS_SEARCH_USER_PATHS = NO;
				CLANG_ANALYZER_NONNULL = YES;
				CLANG_ANALYZER_NUMBER_OBJECT_CONVERSION = YES_AGGRESSIVE;
				CLANG_CXX_LANGUAGE_STANDARD = "gnu++17";
				CLANG_ENABLE_MODULES = YES;
				CLANG_ENABLE_OBJC_ARC = YES;
				CLANG_ENABLE_OBJC_WEAK = YES;
				CLANG_WARN_BLOCK_CAPTURE_AUTORELEASING = YES;
				CLANG_WARN_BOOL_CONVERSION = YES;
				CLANG_WARN_COMMA = YES;
				CLANG_WARN_CONSTANT_CONVERSION = YES;
				CLANG_WARN_DEPRECATED_OBJC_IMPLEMENTATIONS = YES;
				CLANG_WARN_DIRECT_OBJC_ISA_USAGE = YES_ERROR;
				CLANG_WARN_DOCUMENTATION_COMMENTS = YES;
				CLANG_WARN_EMPTY_BODY = YES;
				CLANG_WARN_ENUM_CONVERSION = YES;
				CLANG_WARN_INFINITE_RECURSION = YES;
				CLANG_WARN_INT_CONVERSION = YES;
				CLANG_WARN_NON_LITERAL_NULL_CONVERSION = YES;
				CLANG_WARN_OBJC_IMPLICIT_RETAIN_SELF = YES;
				CLANG_WARN_OBJC_LITERAL_CONVERSION = YES;
				CLANG_WARN_OBJC_ROOT_CLASS = YES_ERROR;
				CLANG_WARN_QUOTED_INCLUDE_IN_FRAMEWORK_HEADER = YES;
				CLANG_WARN_RANGE_LOOP_ANALYSIS = YES;
				CLANG_WARN_STRICT_PROTOTYPES = YES;
				CLANG_WARN_SUSPICIOUS_MOVE = YES;
				CLANG_WARN_UNGUARDED_AVAILABILITY = YES_AGGRESSIVE;
				CLANG_WARN_UNREACHABLE_CODE = YES;
				CLANG_WARN__DUPLICATE_METHOD_MATCH = YES;
				COPY_PHASE_STRIP = NO;
				DEBUG_INFORMATION_FORMAT = "dwarf-with-dsym";
				ENABLE_NS_ASSERTIONS = NO;
				ENABLE_STRICT_OBJC_MSGSEND = YES;
				GCC_C_LANGUAGE_STANDARD = gnu11;
				GCC_NO_COMMON_BLOCKS = YES;
				GCC_WARN_64_TO_32_BIT_CONVERSION = YES;
				GCC_WARN_ABOUT_RETURN_TYPE = YES_ERROR;
				GCC_WARN_UNDECLARED_SELECTOR = YES;
				GCC_WARN_UNINITIALIZED_AUTOS = YES_AGGRESSIVE;
				GCC_WARN_UNUSED_FUNCTION = YES;
				GCC_WARN_UNUSED_VARIABLE = YES;
				IPHONEOS_DEPLOYMENT_TARGET = 13.0;
				MTL_ENABLE_DEBUG_INFO = NO;
				MTL_FAST_MATH = YES;
				SDKROOT = iphoneos;
				SWIFT_COMPILATION_MODE = wholemodule;
				SWIFT_OPTIMIZATION_LEVEL = "-O";
				VALIDATE_PRODUCT = YES;
			};
			name = Release;
		};
		E2FA4BEF2865F2F5004D8FC5 /* Debug */ = {
			isa = XCBuildConfiguration;
			buildSettings = {
				ASSETCATALOG_COMPILER_APPICON_NAME = AppIcon;
				ASSETCATALOG_COMPILER_GLOBAL_ACCENT_COLOR_NAME = AccentColor;
				CODE_SIGN_STYLE = Automatic;
				CURRENT_PROJECT_VERSION = 1;
				GENERATE_INFOPLIST_FILE = YES;
				INFOPLIST_FILE = Unisys/Resources/Info.plist;
				INFOPLIST_KEY_UIApplicationSupportsIndirectInputEvents = YES;
				INFOPLIST_KEY_UILaunchStoryboardName = LaunchScreen;
				INFOPLIST_KEY_UISupportedInterfaceOrientations_iPad = "UIInterfaceOrientationPortrait UIInterfaceOrientationPortraitUpsideDown UIInterfaceOrientationLandscapeLeft UIInterfaceOrientationLandscapeRight";
				INFOPLIST_KEY_UISupportedInterfaceOrientations_iPhone = "UIInterfaceOrientationPortrait UIInterfaceOrientationLandscapeLeft UIInterfaceOrientationLandscapeRight";
				LD_RUNPATH_SEARCH_PATHS = (
					"$(inherited)",
					"@executable_path/Frameworks",
				);
				MARKETING_VERSION = 1.0;
				PRODUCT_BUNDLE_IDENTIFIER = com.oscargarrucho.Unisys;
				PRODUCT_NAME = "$(TARGET_NAME)";
				SWIFT_EMIT_LOC_STRINGS = YES;
				SWIFT_VERSION = 5.0;
				TARGETED_DEVICE_FAMILY = "1,2";
			};
			name = Debug;
		};
		E2FA4BF02865F2F5004D8FC5 /* Release */ = {
			isa = XCBuildConfiguration;
			buildSettings = {
				ASSETCATALOG_COMPILER_APPICON_NAME = AppIcon;
				ASSETCATALOG_COMPILER_GLOBAL_ACCENT_COLOR_NAME = AccentColor;
				CODE_SIGN_STYLE = Automatic;
				CURRENT_PROJECT_VERSION = 1;
				GENERATE_INFOPLIST_FILE = YES;
				INFOPLIST_FILE = Unisys/Resources/Info.plist;
				INFOPLIST_KEY_UIApplicationSupportsIndirectInputEvents = YES;
				INFOPLIST_KEY_UILaunchStoryboardName = LaunchScreen;
				INFOPLIST_KEY_UISupportedInterfaceOrientations_iPad = "UIInterfaceOrientationPortrait UIInterfaceOrientationPortraitUpsideDown UIInterfaceOrientationLandscapeLeft UIInterfaceOrientationLandscapeRight";
				INFOPLIST_KEY_UISupportedInterfaceOrientations_iPhone = "UIInterfaceOrientationPortrait UIInterfaceOrientationLandscapeLeft UIInterfaceOrientationLandscapeRight";
				LD_RUNPATH_SEARCH_PATHS = (
					"$(inherited)",
					"@executable_path/Frameworks",
				);
				MARKETING_VERSION = 1.0;
				PRODUCT_BUNDLE_IDENTIFIER = com.oscargarrucho.Unisys;
				PRODUCT_NAME = "$(TARGET_NAME)";
				SWIFT_EMIT_LOC_STRINGS = YES;
				SWIFT_VERSION = 5.0;
				TARGETED_DEVICE_FAMILY = "1,2";
			};
			name = Release;
		};
		E2FA4BF22865F2F5004D8FC5 /* Debug */ = {
			isa = XCBuildConfiguration;
			buildSettings = {
				ALWAYS_EMBED_SWIFT_STANDARD_LIBRARIES = YES;
				BUNDLE_LOADER = "$(TEST_HOST)";
				CODE_SIGN_STYLE = Automatic;
				CURRENT_PROJECT_VERSION = 1;
				GENERATE_INFOPLIST_FILE = YES;
				IPHONEOS_DEPLOYMENT_TARGET = 15.5;
				MARKETING_VERSION = 1.0;
				PRODUCT_BUNDLE_IDENTIFIER = com.oscargarrucho.UnisysTests;
				PRODUCT_NAME = "$(TARGET_NAME)";
				SWIFT_EMIT_LOC_STRINGS = NO;
				SWIFT_VERSION = 5.0;
				TARGETED_DEVICE_FAMILY = "1,2";
				TEST_HOST = "$(BUILT_PRODUCTS_DIR)/Unisys.app/Unisys";
			};
			name = Debug;
		};
		E2FA4BF32865F2F5004D8FC5 /* Release */ = {
			isa = XCBuildConfiguration;
			buildSettings = {
				ALWAYS_EMBED_SWIFT_STANDARD_LIBRARIES = YES;
				BUNDLE_LOADER = "$(TEST_HOST)";
				CODE_SIGN_STYLE = Automatic;
				CURRENT_PROJECT_VERSION = 1;
				GENERATE_INFOPLIST_FILE = YES;
				IPHONEOS_DEPLOYMENT_TARGET = 15.5;
				MARKETING_VERSION = 1.0;
				PRODUCT_BUNDLE_IDENTIFIER = com.oscargarrucho.UnisysTests;
				PRODUCT_NAME = "$(TARGET_NAME)";
				SWIFT_EMIT_LOC_STRINGS = NO;
				SWIFT_VERSION = 5.0;
				TARGETED_DEVICE_FAMILY = "1,2";
				TEST_HOST = "$(BUILT_PRODUCTS_DIR)/Unisys.app/Unisys";
			};
			name = Release;
		};
		E2FA4BF52865F2F5004D8FC5 /* Debug */ = {
			isa = XCBuildConfiguration;
			buildSettings = {
				ALWAYS_EMBED_SWIFT_STANDARD_LIBRARIES = YES;
				CODE_SIGN_STYLE = Automatic;
				CURRENT_PROJECT_VERSION = 1;
				GENERATE_INFOPLIST_FILE = YES;
				MARKETING_VERSION = 1.0;
				PRODUCT_BUNDLE_IDENTIFIER = com.oscargarrucho.UnisysUITests;
				PRODUCT_NAME = "$(TARGET_NAME)";
				SWIFT_EMIT_LOC_STRINGS = NO;
				SWIFT_VERSION = 5.0;
				TARGETED_DEVICE_FAMILY = "1,2";
				TEST_TARGET_NAME = Unisys;
			};
			name = Debug;
		};
		E2FA4BF62865F2F5004D8FC5 /* Release */ = {
			isa = XCBuildConfiguration;
			buildSettings = {
				ALWAYS_EMBED_SWIFT_STANDARD_LIBRARIES = YES;
				CODE_SIGN_STYLE = Automatic;
				CURRENT_PROJECT_VERSION = 1;
				GENERATE_INFOPLIST_FILE = YES;
				MARKETING_VERSION = 1.0;
				PRODUCT_BUNDLE_IDENTIFIER = com.oscargarrucho.UnisysUITests;
				PRODUCT_NAME = "$(TARGET_NAME)";
				SWIFT_EMIT_LOC_STRINGS = NO;
				SWIFT_VERSION = 5.0;
				TARGETED_DEVICE_FAMILY = "1,2";
				TEST_TARGET_NAME = Unisys;
			};
			name = Release;
		};
/* End XCBuildConfiguration section */

/* Begin XCConfigurationList section */
		E2FA4BBC2865F2F2004D8FC5 /* Build configuration list for PBXProject "Unisys" */ = {
			isa = XCConfigurationList;
			buildConfigurations = (
				E2FA4BEC2865F2F5004D8FC5 /* Debug */,
				E2FA4BED2865F2F5004D8FC5 /* Release */,
			);
			defaultConfigurationIsVisible = 0;
			defaultConfigurationName = Release;
		};
		E2FA4BEE2865F2F5004D8FC5 /* Build configuration list for PBXNativeTarget "Unisys" */ = {
			isa = XCConfigurationList;
			buildConfigurations = (
				E2FA4BEF2865F2F5004D8FC5 /* Debug */,
				E2FA4BF02865F2F5004D8FC5 /* Release */,
			);
			defaultConfigurationIsVisible = 0;
			defaultConfigurationName = Release;
		};
		E2FA4BF12865F2F5004D8FC5 /* Build configuration list for PBXNativeTarget "UnisysTests" */ = {
			isa = XCConfigurationList;
			buildConfigurations = (
				E2FA4BF22865F2F5004D8FC5 /* Debug */,
				E2FA4BF32865F2F5004D8FC5 /* Release */,
			);
			defaultConfigurationIsVisible = 0;
			defaultConfigurationName = Release;
		};
		E2FA4BF42865F2F5004D8FC5 /* Build configuration list for PBXNativeTarget "UnisysUITests" */ = {
			isa = XCConfigurationList;
			buildConfigurations = (
				E2FA4BF52865F2F5004D8FC5 /* Debug */,
				E2FA4BF62865F2F5004D8FC5 /* Release */,
			);
			defaultConfigurationIsVisible = 0;
			defaultConfigurationName = Release;
		};
/* End XCConfigurationList section */

/* Begin XCVersionGroup section */
		E2FA4BCD2865F2F3004D8FC5 /* Unisys.xcdatamodeld */ = {
			isa = XCVersionGroup;
			children = (
				E2FA4BCE2865F2F3004D8FC5 /* Unisys.xcdatamodel */,
			);
			currentVersion = E2FA4BCE2865F2F3004D8FC5 /* Unisys.xcdatamodel */;
			path = Unisys.xcdatamodeld;
			sourceTree = "<group>";
			versionGroupType = wrapper.xcdatamodel;
		};
/* End XCVersionGroup section */
	};
	rootObject = E2FA4BB92865F2F2004D8FC5 /* Project object */;
}
